// !$*UTF8*$!
{
	archiveVersion = 1;
	classes = {
	};
	objectVersion = 46;
	objects = {

/* Begin PBXBuildFile section */
		D52FFC2B1AFD13D4007101ED /* SliceControlView.m in Sources */ = {isa = PBXBuildFile; fileRef = D52FFC2A1AFD13D4007101ED /* SliceControlView.m */; };
		D52FFC2E1AFD13E3007101ED /* ScaleControlView.m in Sources */ = {isa = PBXBuildFile; fileRef = D52FFC2D1AFD13E3007101ED /* ScaleControlView.m */; };
		D539971F1B20FAE800FCB66D /* CoreText.framework in Frameworks */ = {isa = PBXBuildFile; fileRef = D539971E1B20FAE800FCB66D /* CoreText.framework */; };
		D53B9C5D1B089ED7008E5014 /* EquidistantAzimuthView.m in Sources */ = {isa = PBXBuildFile; fileRef = D53B9C5C1B089ED7008E5014 /* EquidistantAzimuthView.m */; };
		D53B9C601B0B7BD3008E5014 /* MaterialsListTableViewCell.m in Sources */ = {isa = PBXBuildFile; fileRef = D53B9C5F1B0B7BD3008E5014 /* MaterialsListTableViewCell.m */; };
		D53B9C641B0C202D008E5014 /* PreferencesTableViewController.m in Sources */ = {isa = PBXBuildFile; fileRef = D53B9C631B0C202D008E5014 /* PreferencesTableViewController.m */; };
		D53B9C671B0C9BF3008E5014 /* PreferencesTableViewCell.m in Sources */ = {isa = PBXBuildFile; fileRef = D53B9C661B0C9BF3008E5014 /* PreferencesTableViewCell.m */; };
		D54088821B15AEC7003E168C /* CameraAnimation.m in Sources */ = {isa = PBXBuildFile; fileRef = D54088811B15AEC7003E168C /* CameraAnimation.m */; };
		D55550941B006DCA00113FEF /* DiagramViewController.m in Sources */ = {isa = PBXBuildFile; fileRef = D55550931B006DCA00113FEF /* DiagramViewController.m */; };
		D56562931B2227EC002C5E90 /* MessageUI.framework in Frameworks */ = {isa = PBXBuildFile; fileRef = D56562921B2227EC002C5E90 /* MessageUI.framework */; };
		D5B360C21AF67B58006F33B9 /* main.m in Sources */ = {isa = PBXBuildFile; fileRef = D5B360C11AF67B58006F33B9 /* main.m */; };
		D5B360C51AF67B58006F33B9 /* AppDelegate.m in Sources */ = {isa = PBXBuildFile; fileRef = D5B360C41AF67B58006F33B9 /* AppDelegate.m */; };
		D5B360CD1AF67B58006F33B9 /* Images.xcassets in Resources */ = {isa = PBXBuildFile; fileRef = D5B360CC1AF67B58006F33B9 /* Images.xcassets */; };
		D5B360D01AF67B58006F33B9 /* LaunchScreen.xib in Resources */ = {isa = PBXBuildFile; fileRef = D5B360CE1AF67B58006F33B9 /* LaunchScreen.xib */; };
		D5B360DC1AF67B58006F33B9 /* DomekitTests.m in Sources */ = {isa = PBXBuildFile; fileRef = D5B360DB1AF67B58006F33B9 /* DomekitTests.m */; };
		D5B360E91AF67D9A006F33B9 /* OpenGLES.framework in Frameworks */ = {isa = PBXBuildFile; fileRef = D5B360E81AF67D99006F33B9 /* OpenGLES.framework */; };
		D5B360EB1AF67DA0006F33B9 /* GLKit.framework in Frameworks */ = {isa = PBXBuildFile; fileRef = D5B360EA1AF67DA0006F33B9 /* GLKit.framework */; };
		D5B360ED1AF67DA7006F33B9 /* CoreMotion.framework in Frameworks */ = {isa = PBXBuildFile; fileRef = D5B360EC1AF67DA7006F33B9 /* CoreMotion.framework */; };
		D5DBB4711AFA6412002D2EB0 /* ExtendedNavBarView.m in Sources */ = {isa = PBXBuildFile; fileRef = D5DBB46E1AFA6412002D2EB0 /* ExtendedNavBarView.m */; };
		D5DBB4741AFA64E4002D2EB0 /* Pixel.png in Resources */ = {isa = PBXBuildFile; fileRef = D5DBB4731AFA64E4002D2EB0 /* Pixel.png */; };
		D5DBB4761AFA64EA002D2EB0 /* TransparentPixel.png in Resources */ = {isa = PBXBuildFile; fileRef = D5DBB4751AFA64EA002D2EB0 /* TransparentPixel.png */; };
		D5DBB4781AFA6500002D2EB0 /* reveal-icon.png in Resources */ = {isa = PBXBuildFile; fileRef = D5DBB4771AFA6500002D2EB0 /* reveal-icon.png */; };
		D5DBB47B1AFA6ECA002D2EB0 /* NavigationBar.m in Sources */ = {isa = PBXBuildFile; fileRef = D5DBB47A1AFA6ECA002D2EB0 /* NavigationBar.m */; };
		D5DBB4A01AFBAD8A002D2EB0 /* NavigationController.m in Sources */ = {isa = PBXBuildFile; fileRef = D5DBB4931AFBAD8A002D2EB0 /* NavigationController.m */; };
		D5DBB4A11AFBAD8A002D2EB0 /* RearTableViewController.m in Sources */ = {isa = PBXBuildFile; fileRef = D5DBB4951AFBAD8A002D2EB0 /* RearTableViewController.m */; };
		D5DBB4A21AFBAD8A002D2EB0 /* GeodesicViewController.m in Sources */ = {isa = PBXBuildFile; fileRef = D5DBB4971AFBAD8A002D2EB0 /* GeodesicViewController.m */; };
		D5DBB4A31AFBAD8A002D2EB0 /* GeodesicModel.m in Sources */ = {isa = PBXBuildFile; fileRef = D5DBB49A1AFBAD8A002D2EB0 /* GeodesicModel.m */; };
		D5DBB4A41AFBAD8A002D2EB0 /* FrequencyControlView.m in Sources */ = {isa = PBXBuildFile; fileRef = D5DBB49D1AFBAD8A002D2EB0 /* FrequencyControlView.m */; };
		D5DBB4A51AFBAD8A002D2EB0 /* GeodesicView.m in Sources */ = {isa = PBXBuildFile; fileRef = D5DBB49F1AFBAD8A002D2EB0 /* GeodesicView.m */; };
		D5EFDC271B0E0EE5002ADD28 /* NewDomeTableViewCell.m in Sources */ = {isa = PBXBuildFile; fileRef = D5EFDC261B0E0EE5002ADD28 /* NewDomeTableViewCell.m */; };
		D5EFDC2A1B128645002ADD28 /* octahedron.png in Resources */ = {isa = PBXBuildFile; fileRef = D5EFDC281B128645002ADD28 /* octahedron.png */; };
		D5EFDC2B1B128645002ADD28 /* icosahedron.png in Resources */ = {isa = PBXBuildFile; fileRef = D5EFDC291B128645002ADD28 /* icosahedron.png */; };
		D5F9182A1AF9162600564114 /* SWRevealViewController.m in Sources */ = {isa = PBXBuildFile; fileRef = D5F918291AF9162600564114 /* SWRevealViewController.m */; };
/* End PBXBuildFile section */

/* Begin PBXContainerItemProxy section */
		D5B360D61AF67B58006F33B9 /* PBXContainerItemProxy */ = {
			isa = PBXContainerItemProxy;
			containerPortal = D5B360B41AF67B58006F33B9 /* Project object */;
			proxyType = 1;
			remoteGlobalIDString = D5B360BB1AF67B58006F33B9;
			remoteInfo = Domekit;
		};
/* End PBXContainerItemProxy section */

/* Begin PBXFileReference section */
		D52FFC291AFD13D4007101ED /* SliceControlView.h */ = {isa = PBXFileReference; fileEncoding = 4; lastKnownFileType = sourcecode.c.h; path = SliceControlView.h; sourceTree = "<group>"; };
		D52FFC2A1AFD13D4007101ED /* SliceControlView.m */ = {isa = PBXFileReference; fileEncoding = 4; lastKnownFileType = sourcecode.c.objc; path = SliceControlView.m; sourceTree = "<group>"; };
		D52FFC2C1AFD13E3007101ED /* ScaleControlView.h */ = {isa = PBXFileReference; fileEncoding = 4; lastKnownFileType = sourcecode.c.h; path = ScaleControlView.h; sourceTree = "<group>"; };
		D52FFC2D1AFD13E3007101ED /* ScaleControlView.m */ = {isa = PBXFileReference; fileEncoding = 4; lastKnownFileType = sourcecode.c.objc; path = ScaleControlView.m; sourceTree = "<group>"; };
		D52FFC321AFD1540007101ED /* net.c */ = {isa = PBXFileReference; lastKnownFileType = sourcecode.c.c; path = net.c; sourceTree = "<group>"; };
		D52FFC331AFD1540007101ED /* net.h */ = {isa = PBXFileReference; lastKnownFileType = sourcecode.c.h; path = net.h; sourceTree = "<group>"; };
		D539971E1B20FAE800FCB66D /* CoreText.framework */ = {isa = PBXFileReference; lastKnownFileType = wrapper.framework; name = CoreText.framework; path = System/Library/Frameworks/CoreText.framework; sourceTree = SDKROOT; };
		D53B9C5B1B089ED7008E5014 /* EquidistantAzimuthView.h */ = {isa = PBXFileReference; fileEncoding = 4; lastKnownFileType = sourcecode.c.h; path = EquidistantAzimuthView.h; sourceTree = "<group>"; };
		D53B9C5C1B089ED7008E5014 /* EquidistantAzimuthView.m */ = {isa = PBXFileReference; fileEncoding = 4; lastKnownFileType = sourcecode.c.objc; path = EquidistantAzimuthView.m; sourceTree = "<group>"; };
		D53B9C5E1B0B7BD3008E5014 /* MaterialsListTableViewCell.h */ = {isa = PBXFileReference; fileEncoding = 4; lastKnownFileType = sourcecode.c.h; path = MaterialsListTableViewCell.h; sourceTree = "<group>"; };
		D53B9C5F1B0B7BD3008E5014 /* MaterialsListTableViewCell.m */ = {isa = PBXFileReference; fileEncoding = 4; lastKnownFileType = sourcecode.c.objc; path = MaterialsListTableViewCell.m; sourceTree = "<group>"; };
		D53B9C621B0C202D008E5014 /* PreferencesTableViewController.h */ = {isa = PBXFileReference; fileEncoding = 4; lastKnownFileType = sourcecode.c.h; path = PreferencesTableViewController.h; sourceTree = "<group>"; };
		D53B9C631B0C202D008E5014 /* PreferencesTableViewController.m */ = {isa = PBXFileReference; fileEncoding = 4; lastKnownFileType = sourcecode.c.objc; path = PreferencesTableViewController.m; sourceTree = "<group>"; };
		D53B9C651B0C9BF3008E5014 /* PreferencesTableViewCell.h */ = {isa = PBXFileReference; fileEncoding = 4; lastKnownFileType = sourcecode.c.h; path = PreferencesTableViewCell.h; sourceTree = "<group>"; };
		D53B9C661B0C9BF3008E5014 /* PreferencesTableViewCell.m */ = {isa = PBXFileReference; fileEncoding = 4; lastKnownFileType = sourcecode.c.objc; path = PreferencesTableViewCell.m; sourceTree = "<group>"; };
		D54088801B15AEC7003E168C /* CameraAnimation.h */ = {isa = PBXFileReference; fileEncoding = 4; lastKnownFileType = sourcecode.c.h; path = CameraAnimation.h; sourceTree = "<group>"; };
		D54088811B15AEC7003E168C /* CameraAnimation.m */ = {isa = PBXFileReference; fileEncoding = 4; lastKnownFileType = sourcecode.c.objc; path = CameraAnimation.m; sourceTree = "<group>"; };
		D555508F1AFD381A00113FEF /* Animation.h */ = {isa = PBXFileReference; fileEncoding = 4; lastKnownFileType = sourcecode.c.h; name = Animation.h; path = ../Controllers/Animation.h; sourceTree = "<group>"; };
		D55550901AFD381A00113FEF /* Animation.m */ = {isa = PBXFileReference; fileEncoding = 4; lastKnownFileType = sourcecode.c.objc; name = Animation.m; path = ../Controllers/Animation.m; sourceTree = "<group>"; };
		D55550921B006DCA00113FEF /* DiagramViewController.h */ = {isa = PBXFileReference; fileEncoding = 4; lastKnownFileType = sourcecode.c.h; path = DiagramViewController.h; sourceTree = "<group>"; };
		D55550931B006DCA00113FEF /* DiagramViewController.m */ = {isa = PBXFileReference; fileEncoding = 4; lastKnownFileType = sourcecode.c.objc; path = DiagramViewController.m; sourceTree = "<group>"; };
		D5619A131AF904830027A801 /* geodesic.c */ = {isa = PBXFileReference; lastKnownFileType = sourcecode.c.c; path = geodesic.c; sourceTree = "<group>"; };
		D5619A141AF904830027A801 /* geodesic.h */ = {isa = PBXFileReference; lastKnownFileType = sourcecode.c.h; path = geodesic.h; sourceTree = "<group>"; };
		D5619A161AF904830027A801 /* noise.c */ = {isa = PBXFileReference; lastKnownFileType = sourcecode.c.c; path = noise.c; sourceTree = "<group>"; };
		D5619A171AF904830027A801 /* noise.h */ = {isa = PBXFileReference; lastKnownFileType = sourcecode.c.h; path = noise.h; sourceTree = "<group>"; };
		D5619A191AF904830027A801 /* mesh.c */ = {isa = PBXFileReference; lastKnownFileType = sourcecode.c.c; path = mesh.c; sourceTree = "<group>"; };
		D5619A1A1AF904830027A801 /* mesh.h */ = {isa = PBXFileReference; lastKnownFileType = sourcecode.c.h; path = mesh.h; sourceTree = "<group>"; };
		D5619A1D1AF904830027A801 /* platonic.c */ = {isa = PBXFileReference; lastKnownFileType = sourcecode.c.c; path = platonic.c; sourceTree = "<group>"; };
		D5619A1E1AF904830027A801 /* platonic.h */ = {isa = PBXFileReference; lastKnownFileType = sourcecode.c.h; path = platonic.h; sourceTree = "<group>"; };
		D5619A221AF904830027A801 /* tween.c */ = {isa = PBXFileReference; lastKnownFileType = sourcecode.c.c; path = tween.c; sourceTree = "<group>"; };
		D5619A241AF904830027A801 /* world.c */ = {isa = PBXFileReference; lastKnownFileType = sourcecode.c.c; path = world.c; sourceTree = "<group>"; };
		D56562921B2227EC002C5E90 /* MessageUI.framework */ = {isa = PBXFileReference; lastKnownFileType = wrapper.framework; name = MessageUI.framework; path = System/Library/Frameworks/MessageUI.framework; sourceTree = SDKROOT; };
		D5B360BC1AF67B58006F33B9 /* Domekit.app */ = {isa = PBXFileReference; explicitFileType = wrapper.application; includeInIndex = 0; path = Domekit.app; sourceTree = BUILT_PRODUCTS_DIR; };
		D5B360C01AF67B58006F33B9 /* Info.plist */ = {isa = PBXFileReference; lastKnownFileType = text.plist.xml; path = Info.plist; sourceTree = "<group>"; };
		D5B360C11AF67B58006F33B9 /* main.m */ = {isa = PBXFileReference; lastKnownFileType = sourcecode.c.objc; path = main.m; sourceTree = "<group>"; };
		D5B360C31AF67B58006F33B9 /* AppDelegate.h */ = {isa = PBXFileReference; lastKnownFileType = sourcecode.c.h; path = AppDelegate.h; sourceTree = "<group>"; };
		D5B360C41AF67B58006F33B9 /* AppDelegate.m */ = {isa = PBXFileReference; lastKnownFileType = sourcecode.c.objc; path = AppDelegate.m; sourceTree = "<group>"; };
		D5B360CC1AF67B58006F33B9 /* Images.xcassets */ = {isa = PBXFileReference; lastKnownFileType = folder.assetcatalog; path = Images.xcassets; sourceTree = "<group>"; };
		D5B360CF1AF67B58006F33B9 /* Base */ = {isa = PBXFileReference; lastKnownFileType = file.xib; name = Base; path = Base.lproj/LaunchScreen.xib; sourceTree = "<group>"; };
		D5B360D51AF67B58006F33B9 /* DomekitTests.xctest */ = {isa = PBXFileReference; explicitFileType = wrapper.cfbundle; includeInIndex = 0; path = DomekitTests.xctest; sourceTree = BUILT_PRODUCTS_DIR; };
		D5B360DA1AF67B58006F33B9 /* Info.plist */ = {isa = PBXFileReference; lastKnownFileType = text.plist.xml; path = Info.plist; sourceTree = "<group>"; };
		D5B360DB1AF67B58006F33B9 /* DomekitTests.m */ = {isa = PBXFileReference; lastKnownFileType = sourcecode.c.objc; path = DomekitTests.m; sourceTree = "<group>"; };
		D5B360E81AF67D99006F33B9 /* OpenGLES.framework */ = {isa = PBXFileReference; lastKnownFileType = wrapper.framework; name = OpenGLES.framework; path = System/Library/Frameworks/OpenGLES.framework; sourceTree = SDKROOT; };
		D5B360EA1AF67DA0006F33B9 /* GLKit.framework */ = {isa = PBXFileReference; lastKnownFileType = wrapper.framework; name = GLKit.framework; path = System/Library/Frameworks/GLKit.framework; sourceTree = SDKROOT; };
		D5B360EC1AF67DA7006F33B9 /* CoreMotion.framework */ = {isa = PBXFileReference; lastKnownFileType = wrapper.framework; name = CoreMotion.framework; path = System/Library/Frameworks/CoreMotion.framework; sourceTree = SDKROOT; };
		D5DBB46D1AFA6412002D2EB0 /* ExtendedNavBarView.h */ = {isa = PBXFileReference; fileEncoding = 4; lastKnownFileType = sourcecode.c.h; path = ExtendedNavBarView.h; sourceTree = "<group>"; };
		D5DBB46E1AFA6412002D2EB0 /* ExtendedNavBarView.m */ = {isa = PBXFileReference; fileEncoding = 4; lastKnownFileType = sourcecode.c.objc; path = ExtendedNavBarView.m; sourceTree = "<group>"; };
		D5DBB4731AFA64E4002D2EB0 /* Pixel.png */ = {isa = PBXFileReference; lastKnownFileType = image.png; path = Pixel.png; sourceTree = "<group>"; };
		D5DBB4751AFA64EA002D2EB0 /* TransparentPixel.png */ = {isa = PBXFileReference; lastKnownFileType = image.png; path = TransparentPixel.png; sourceTree = "<group>"; };
		D5DBB4771AFA6500002D2EB0 /* reveal-icon.png */ = {isa = PBXFileReference; lastKnownFileType = image.png; path = "reveal-icon.png"; sourceTree = "<group>"; };
		D5DBB4791AFA6ECA002D2EB0 /* NavigationBar.h */ = {isa = PBXFileReference; fileEncoding = 4; lastKnownFileType = sourcecode.c.h; path = NavigationBar.h; sourceTree = "<group>"; };
		D5DBB47A1AFA6ECA002D2EB0 /* NavigationBar.m */ = {isa = PBXFileReference; fileEncoding = 4; lastKnownFileType = sourcecode.c.objc; path = NavigationBar.m; sourceTree = "<group>"; };
		D5DBB4921AFBAD8A002D2EB0 /* NavigationController.h */ = {isa = PBXFileReference; fileEncoding = 4; lastKnownFileType = sourcecode.c.h; path = NavigationController.h; sourceTree = "<group>"; };
		D5DBB4931AFBAD8A002D2EB0 /* NavigationController.m */ = {isa = PBXFileReference; fileEncoding = 4; lastKnownFileType = sourcecode.c.objc; path = NavigationController.m; sourceTree = "<group>"; };
		D5DBB4941AFBAD8A002D2EB0 /* RearTableViewController.h */ = {isa = PBXFileReference; fileEncoding = 4; lastKnownFileType = sourcecode.c.h; path = RearTableViewController.h; sourceTree = "<group>"; };
		D5DBB4951AFBAD8A002D2EB0 /* RearTableViewController.m */ = {isa = PBXFileReference; fileEncoding = 4; lastKnownFileType = sourcecode.c.objc; path = RearTableViewController.m; sourceTree = "<group>"; };
		D5DBB4961AFBAD8A002D2EB0 /* GeodesicViewController.h */ = {isa = PBXFileReference; fileEncoding = 4; lastKnownFileType = sourcecode.c.h; path = GeodesicViewController.h; sourceTree = "<group>"; };
		D5DBB4971AFBAD8A002D2EB0 /* GeodesicViewController.m */ = {isa = PBXFileReference; fileEncoding = 4; lastKnownFileType = sourcecode.c.objc; path = GeodesicViewController.m; sourceTree = "<group>"; };
		D5DBB4991AFBAD8A002D2EB0 /* GeodesicModel.h */ = {isa = PBXFileReference; fileEncoding = 4; lastKnownFileType = sourcecode.c.h; path = GeodesicModel.h; sourceTree = "<group>"; };
		D5DBB49A1AFBAD8A002D2EB0 /* GeodesicModel.m */ = {isa = PBXFileReference; fileEncoding = 4; lastKnownFileType = sourcecode.c.objc; path = GeodesicModel.m; sourceTree = "<group>"; };
		D5DBB49C1AFBAD8A002D2EB0 /* FrequencyControlView.h */ = {isa = PBXFileReference; fileEncoding = 4; lastKnownFileType = sourcecode.c.h; path = FrequencyControlView.h; sourceTree = "<group>"; };
		D5DBB49D1AFBAD8A002D2EB0 /* FrequencyControlView.m */ = {isa = PBXFileReference; fileEncoding = 4; lastKnownFileType = sourcecode.c.objc; path = FrequencyControlView.m; sourceTree = "<group>"; };
		D5DBB49E1AFBAD8A002D2EB0 /* GeodesicView.h */ = {isa = PBXFileReference; fileEncoding = 4; lastKnownFileType = sourcecode.c.h; path = GeodesicView.h; sourceTree = "<group>"; };
		D5DBB49F1AFBAD8A002D2EB0 /* GeodesicView.m */ = {isa = PBXFileReference; fileEncoding = 4; lastKnownFileType = sourcecode.c.objc; path = GeodesicView.m; sourceTree = "<group>"; };
		D5EFDC251B0E0EE5002ADD28 /* NewDomeTableViewCell.h */ = {isa = PBXFileReference; fileEncoding = 4; lastKnownFileType = sourcecode.c.h; path = NewDomeTableViewCell.h; sourceTree = "<group>"; };
		D5EFDC261B0E0EE5002ADD28 /* NewDomeTableViewCell.m */ = {isa = PBXFileReference; fileEncoding = 4; lastKnownFileType = sourcecode.c.objc; path = NewDomeTableViewCell.m; sourceTree = "<group>"; };
		D5EFDC281B128645002ADD28 /* octahedron.png */ = {isa = PBXFileReference; lastKnownFileType = image.png; path = octahedron.png; sourceTree = "<group>"; };
		D5EFDC291B128645002ADD28 /* icosahedron.png */ = {isa = PBXFileReference; lastKnownFileType = image.png; path = icosahedron.png; sourceTree = "<group>"; };
		D5F918281AF9162600564114 /* SWRevealViewController.h */ = {isa = PBXFileReference; fileEncoding = 4; lastKnownFileType = sourcecode.c.h; path = SWRevealViewController.h; sourceTree = "<group>"; };
		D5F918291AF9162600564114 /* SWRevealViewController.m */ = {isa = PBXFileReference; fileEncoding = 4; lastKnownFileType = sourcecode.c.objc; path = SWRevealViewController.m; sourceTree = "<group>"; };
/* End PBXFileReference section */

/* Begin PBXFrameworksBuildPhase section */
		D5B360B91AF67B58006F33B9 /* Frameworks */ = {
			isa = PBXFrameworksBuildPhase;
			buildActionMask = 2147483647;
			files = (
				D56562931B2227EC002C5E90 /* MessageUI.framework in Frameworks */,
				D539971F1B20FAE800FCB66D /* CoreText.framework in Frameworks */,
				D5B360ED1AF67DA7006F33B9 /* CoreMotion.framework in Frameworks */,
				D5B360EB1AF67DA0006F33B9 /* GLKit.framework in Frameworks */,
				D5B360E91AF67D9A006F33B9 /* OpenGLES.framework in Frameworks */,
			);
			runOnlyForDeploymentPostprocessing = 0;
		};
		D5B360D21AF67B58006F33B9 /* Frameworks */ = {
			isa = PBXFrameworksBuildPhase;
			buildActionMask = 2147483647;
			files = (
			);
			runOnlyForDeploymentPostprocessing = 0;
		};
/* End PBXFrameworksBuildPhase section */

/* Begin PBXGroup section */
		D53B9C611B0C0CE9008E5014 /* Dome Edit Controls */ = {
			isa = PBXGroup;
			children = (
				D5DBB49C1AFBAD8A002D2EB0 /* FrequencyControlView.h */,
				D5DBB49D1AFBAD8A002D2EB0 /* FrequencyControlView.m */,
				D52FFC291AFD13D4007101ED /* SliceControlView.h */,
				D52FFC2A1AFD13D4007101ED /* SliceControlView.m */,
				D52FFC2C1AFD13E3007101ED /* ScaleControlView.h */,
				D52FFC2D1AFD13E3007101ED /* ScaleControlView.m */,
			);
			name = "Dome Edit Controls";
			sourceTree = "<group>";
		};
		D5619A121AF904830027A801 /* Geodesic */ = {
			isa = PBXGroup;
			children = (
				D5619A141AF904830027A801 /* geodesic.h */,
				D5619A131AF904830027A801 /* geodesic.c */,
				D52FFC331AFD1540007101ED /* net.h */,
				D52FFC321AFD1540007101ED /* net.c */,
				D5619A171AF904830027A801 /* noise.h */,
				D5619A161AF904830027A801 /* noise.c */,
				D5619A181AF904830027A801 /* OpenGL */,
				D5619A1E1AF904830027A801 /* platonic.h */,
				D5619A1D1AF904830027A801 /* platonic.c */,
				D5619A221AF904830027A801 /* tween.c */,
				D5619A241AF904830027A801 /* world.c */,
			);
			name = Geodesic;
			path = ../../Geodesic;
			sourceTree = "<group>";
		};
		D5619A181AF904830027A801 /* OpenGL */ = {
			isa = PBXGroup;
			children = (
				D5619A1A1AF904830027A801 /* mesh.h */,
				D5619A191AF904830027A801 /* mesh.c */,
			);
			path = OpenGL;
			sourceTree = "<group>";
		};
		D5B360B31AF67B58006F33B9 = {
			isa = PBXGroup;
			children = (
				D5B360BE1AF67B58006F33B9 /* Domekit */,
				D5B360D81AF67B58006F33B9 /* DomekitTests */,
				D5B360BD1AF67B58006F33B9 /* Products */,
			);
			sourceTree = "<group>";
		};
		D5B360BD1AF67B58006F33B9 /* Products */ = {
			isa = PBXGroup;
			children = (
				D5B360BC1AF67B58006F33B9 /* Domekit.app */,
				D5B360D51AF67B58006F33B9 /* DomekitTests.xctest */,
			);
			name = Products;
			sourceTree = "<group>";
		};
		D5B360BE1AF67B58006F33B9 /* Domekit */ = {
			isa = PBXGroup;
			children = (
				D5B360C31AF67B58006F33B9 /* AppDelegate.h */,
				D5B360C41AF67B58006F33B9 /* AppDelegate.m */,
				D5DBB4911AFBAD8A002D2EB0 /* Controllers */,
				D5DBB49B1AFBAD8A002D2EB0 /* Views */,
				D5DBB4981AFBAD8A002D2EB0 /* Models */,
				D5F918271AF9162600564114 /* 3rdParty */,
				D5B360CC1AF67B58006F33B9 /* Images.xcassets */,
				D5B360CE1AF67B58006F33B9 /* LaunchScreen.xib */,
				D5B360C01AF67B58006F33B9 /* Info.plist */,
				D5619A121AF904830027A801 /* Geodesic */,
				D5B360EE1AF67DDA006F33B9 /* Frameworks */,
				D5B360BF1AF67B58006F33B9 /* Supporting Files */,
			);
			path = Domekit;
			sourceTree = "<group>";
		};
		D5B360BF1AF67B58006F33B9 /* Supporting Files */ = {
			isa = PBXGroup;
			children = (
				D5B360C11AF67B58006F33B9 /* main.m */,
			);
			name = "Supporting Files";
			sourceTree = "<group>";
		};
		D5B360D81AF67B58006F33B9 /* DomekitTests */ = {
			isa = PBXGroup;
			children = (
				D5B360DB1AF67B58006F33B9 /* DomekitTests.m */,
				D5B360D91AF67B58006F33B9 /* Supporting Files */,
			);
			path = DomekitTests;
			sourceTree = "<group>";
		};
		D5B360D91AF67B58006F33B9 /* Supporting Files */ = {
			isa = PBXGroup;
			children = (
				D5B360DA1AF67B58006F33B9 /* Info.plist */,
			);
			name = "Supporting Files";
			sourceTree = "<group>";
		};
		D5B360EE1AF67DDA006F33B9 /* Frameworks */ = {
			isa = PBXGroup;
			children = (
				D56562921B2227EC002C5E90 /* MessageUI.framework */,
				D5B360EC1AF67DA7006F33B9 /* CoreMotion.framework */,
				D539971E1B20FAE800FCB66D /* CoreText.framework */,
				D5B360EA1AF67DA0006F33B9 /* GLKit.framework */,
				D5B360E81AF67D99006F33B9 /* OpenGLES.framework */,
			);
			name = Frameworks;
			sourceTree = "<group>";
		};
		D5DBB4911AFBAD8A002D2EB0 /* Controllers */ = {
			isa = PBXGroup;
			children = (
				D5DBB4921AFBAD8A002D2EB0 /* NavigationController.h */,
				D5DBB4931AFBAD8A002D2EB0 /* NavigationController.m */,
				D5DBB4961AFBAD8A002D2EB0 /* GeodesicViewController.h */,
				D5DBB4971AFBAD8A002D2EB0 /* GeodesicViewController.m */,
				D55550921B006DCA00113FEF /* DiagramViewController.h */,
				D55550931B006DCA00113FEF /* DiagramViewController.m */,
				D5DBB4941AFBAD8A002D2EB0 /* RearTableViewController.h */,
				D5DBB4951AFBAD8A002D2EB0 /* RearTableViewController.m */,
				D53B9C621B0C202D008E5014 /* PreferencesTableViewController.h */,
				D53B9C631B0C202D008E5014 /* PreferencesTableViewController.m */,
				D54088801B15AEC7003E168C /* CameraAnimation.h */,
				D54088811B15AEC7003E168C /* CameraAnimation.m */,
			);
			path = Controllers;
			sourceTree = "<group>";
		};
		D5DBB4981AFBAD8A002D2EB0 /* Models */ = {
			isa = PBXGroup;
			children = (
				D555508F1AFD381A00113FEF /* Animation.h */,
				D55550901AFD381A00113FEF /* Animation.m */,
				D5DBB4991AFBAD8A002D2EB0 /* GeodesicModel.h */,
				D5DBB49A1AFBAD8A002D2EB0 /* GeodesicModel.m */,
			);
			path = Models;
			sourceTree = "<group>";
		};
		D5DBB49B1AFBAD8A002D2EB0 /* Views */ = {
			isa = PBXGroup;
			children = (
				D5DBB49E1AFBAD8A002D2EB0 /* GeodesicView.h */,
				D5DBB49F1AFBAD8A002D2EB0 /* GeodesicView.m */,
				D53B9C5B1B089ED7008E5014 /* EquidistantAzimuthView.h */,
				D53B9C5C1B089ED7008E5014 /* EquidistantAzimuthView.m */,
				D5EFDC2C1B13D0DC002ADD28 /* TableView Cells */,
				D53B9C611B0C0CE9008E5014 /* Dome Edit Controls */,
			);
			path = Views;
			sourceTree = "<group>";
		};
		D5EFDC2C1B13D0DC002ADD28 /* TableView Cells */ = {
			isa = PBXGroup;
			children = (
				D53B9C5E1B0B7BD3008E5014 /* MaterialsListTableViewCell.h */,
				D53B9C5F1B0B7BD3008E5014 /* MaterialsListTableViewCell.m */,
				D53B9C651B0C9BF3008E5014 /* PreferencesTableViewCell.h */,
				D53B9C661B0C9BF3008E5014 /* PreferencesTableViewCell.m */,
				D5EFDC251B0E0EE5002ADD28 /* NewDomeTableViewCell.h */,
				D5EFDC261B0E0EE5002ADD28 /* NewDomeTableViewCell.m */,
			);
			name = "TableView Cells";
			sourceTree = "<group>";
		};
		D5F918271AF9162600564114 /* 3rdParty */ = {
			isa = PBXGroup;
			children = (
				D5DBB4731AFA64E4002D2EB0 /* Pixel.png */,
				D5EFDC281B128645002ADD28 /* octahedron.png */,
				D5EFDC291B128645002ADD28 /* icosahedron.png */,
				D5DBB4771AFA6500002D2EB0 /* reveal-icon.png */,
				D5DBB4751AFA64EA002D2EB0 /* TransparentPixel.png */,
				D5DBB4791AFA6ECA002D2EB0 /* NavigationBar.h */,
				D5DBB47A1AFA6ECA002D2EB0 /* NavigationBar.m */,
				D5DBB46D1AFA6412002D2EB0 /* ExtendedNavBarView.h */,
				D5DBB46E1AFA6412002D2EB0 /* ExtendedNavBarView.m */,
				D5F918281AF9162600564114 /* SWRevealViewController.h */,
				D5F918291AF9162600564114 /* SWRevealViewController.m */,
			);
			path = 3rdParty;
			sourceTree = "<group>";
		};
/* End PBXGroup section */

/* Begin PBXNativeTarget section */
		D5B360BB1AF67B58006F33B9 /* Domekit */ = {
			isa = PBXNativeTarget;
			buildConfigurationList = D5B360DF1AF67B58006F33B9 /* Build configuration list for PBXNativeTarget "Domekit" */;
			buildPhases = (
				D5B360B81AF67B58006F33B9 /* Sources */,
				D5B360B91AF67B58006F33B9 /* Frameworks */,
				D5B360BA1AF67B58006F33B9 /* Resources */,
			);
			buildRules = (
			);
			dependencies = (
			);
			name = Domekit;
			productName = Domekit;
			productReference = D5B360BC1AF67B58006F33B9 /* Domekit.app */;
			productType = "com.apple.product-type.application";
		};
		D5B360D41AF67B58006F33B9 /* DomekitTests */ = {
			isa = PBXNativeTarget;
			buildConfigurationList = D5B360E21AF67B58006F33B9 /* Build configuration list for PBXNativeTarget "DomekitTests" */;
			buildPhases = (
				D5B360D11AF67B58006F33B9 /* Sources */,
				D5B360D21AF67B58006F33B9 /* Frameworks */,
				D5B360D31AF67B58006F33B9 /* Resources */,
			);
			buildRules = (
			);
			dependencies = (
				D5B360D71AF67B58006F33B9 /* PBXTargetDependency */,
			);
			name = DomekitTests;
			productName = DomekitTests;
			productReference = D5B360D51AF67B58006F33B9 /* DomekitTests.xctest */;
			productType = "com.apple.product-type.bundle.unit-test";
		};
/* End PBXNativeTarget section */

/* Begin PBXProject section */
		D5B360B41AF67B58006F33B9 /* Project object */ = {
			isa = PBXProject;
			attributes = {
				LastUpgradeCheck = 0630;
				ORGANIZATIONNAME = Robby;
				TargetAttributes = {
					D5B360BB1AF67B58006F33B9 = {
						CreatedOnToolsVersion = 6.3.1;
						DevelopmentTeam = 78C98TD784;
					};
					D5B360D41AF67B58006F33B9 = {
						CreatedOnToolsVersion = 6.3.1;
						TestTargetID = D5B360BB1AF67B58006F33B9;
					};
				};
			};
			buildConfigurationList = D5B360B71AF67B58006F33B9 /* Build configuration list for PBXProject "Domekit" */;
			compatibilityVersion = "Xcode 3.2";
			developmentRegion = English;
			hasScannedForEncodings = 0;
			knownRegions = (
				en,
				Base,
			);
			mainGroup = D5B360B31AF67B58006F33B9;
			productRefGroup = D5B360BD1AF67B58006F33B9 /* Products */;
			projectDirPath = "";
			projectRoot = "";
			targets = (
				D5B360BB1AF67B58006F33B9 /* Domekit */,
				D5B360D41AF67B58006F33B9 /* DomekitTests */,
			);
		};
/* End PBXProject section */

/* Begin PBXResourcesBuildPhase section */
		D5B360BA1AF67B58006F33B9 /* Resources */ = {
			isa = PBXResourcesBuildPhase;
			buildActionMask = 2147483647;
			files = (
				D5B360D01AF67B58006F33B9 /* LaunchScreen.xib in Resources */,
				D5B360CD1AF67B58006F33B9 /* Images.xcassets in Resources */,
				D5DBB4761AFA64EA002D2EB0 /* TransparentPixel.png in Resources */,
				D5DBB4741AFA64E4002D2EB0 /* Pixel.png in Resources */,
				D5EFDC2A1B128645002ADD28 /* octahedron.png in Resources */,
				D5EFDC2B1B128645002ADD28 /* icosahedron.png in Resources */,
				D5DBB4781AFA6500002D2EB0 /* reveal-icon.png in Resources */,
			);
			runOnlyForDeploymentPostprocessing = 0;
		};
		D5B360D31AF67B58006F33B9 /* Resources */ = {
			isa = PBXResourcesBuildPhase;
			buildActionMask = 2147483647;
			files = (
			);
			runOnlyForDeploymentPostprocessing = 0;
		};
/* End PBXResourcesBuildPhase section */

/* Begin PBXSourcesBuildPhase section */
		D5B360B81AF67B58006F33B9 /* Sources */ = {
			isa = PBXSourcesBuildPhase;
			buildActionMask = 2147483647;
			files = (
				D5F9182A1AF9162600564114 /* SWRevealViewController.m in Sources */,
				D52FFC2B1AFD13D4007101ED /* SliceControlView.m in Sources */,
				D54088821B15AEC7003E168C /* CameraAnimation.m in Sources */,
				D5DBB4A41AFBAD8A002D2EB0 /* FrequencyControlView.m in Sources */,
				D5DBB4711AFA6412002D2EB0 /* ExtendedNavBarView.m in Sources */,
				D55550941B006DCA00113FEF /* DiagramViewController.m in Sources */,
				D5DBB4A21AFBAD8A002D2EB0 /* GeodesicViewController.m in Sources */,
				D5DBB47B1AFA6ECA002D2EB0 /* NavigationBar.m in Sources */,
				D5DBB4A01AFBAD8A002D2EB0 /* NavigationController.m in Sources */,
				D5DBB4A51AFBAD8A002D2EB0 /* GeodesicView.m in Sources */,
				D52FFC2E1AFD13E3007101ED /* ScaleControlView.m in Sources */,
				D53B9C601B0B7BD3008E5014 /* MaterialsListTableViewCell.m in Sources */,
				D53B9C5D1B089ED7008E5014 /* EquidistantAzimuthView.m in Sources */,
				D53B9C671B0C9BF3008E5014 /* PreferencesTableViewCell.m in Sources */,
				D5DBB4A11AFBAD8A002D2EB0 /* RearTableViewController.m in Sources */,
				D5DBB4A31AFBAD8A002D2EB0 /* GeodesicModel.m in Sources */,
				D5B360C51AF67B58006F33B9 /* AppDelegate.m in Sources */,
				D53B9C641B0C202D008E5014 /* PreferencesTableViewController.m in Sources */,
				D5B360C21AF67B58006F33B9 /* main.m in Sources */,
				D5EFDC271B0E0EE5002ADD28 /* NewDomeTableViewCell.m in Sources */,
			);
			runOnlyForDeploymentPostprocessing = 0;
		};
		D5B360D11AF67B58006F33B9 /* Sources */ = {
			isa = PBXSourcesBuildPhase;
			buildActionMask = 2147483647;
			files = (
				D5B360DC1AF67B58006F33B9 /* DomekitTests.m in Sources */,
			);
			runOnlyForDeploymentPostprocessing = 0;
		};
/* End PBXSourcesBuildPhase section */

/* Begin PBXTargetDependency section */
		D5B360D71AF67B58006F33B9 /* PBXTargetDependency */ = {
			isa = PBXTargetDependency;
			target = D5B360BB1AF67B58006F33B9 /* Domekit */;
			targetProxy = D5B360D61AF67B58006F33B9 /* PBXContainerItemProxy */;
		};
/* End PBXTargetDependency section */

/* Begin PBXVariantGroup section */
		D5B360CE1AF67B58006F33B9 /* LaunchScreen.xib */ = {
			isa = PBXVariantGroup;
			children = (
				D5B360CF1AF67B58006F33B9 /* Base */,
			);
			name = LaunchScreen.xib;
			sourceTree = "<group>";
		};
/* End PBXVariantGroup section */

/* Begin XCBuildConfiguration section */
		D5B360DD1AF67B58006F33B9 /* Debug */ = {
			isa = XCBuildConfiguration;
			buildSettings = {
				ALWAYS_SEARCH_USER_PATHS = NO;
				CLANG_CXX_LANGUAGE_STANDARD = "gnu++0x";
				CLANG_CXX_LIBRARY = "libc++";
				CLANG_ENABLE_MODULES = YES;
				CLANG_ENABLE_OBJC_ARC = YES;
				CLANG_WARN_BOOL_CONVERSION = YES;
				CLANG_WARN_CONSTANT_CONVERSION = YES;
				CLANG_WARN_DIRECT_OBJC_ISA_USAGE = YES_ERROR;
				CLANG_WARN_EMPTY_BODY = YES;
				CLANG_WARN_ENUM_CONVERSION = YES;
				CLANG_WARN_INT_CONVERSION = YES;
				CLANG_WARN_OBJC_ROOT_CLASS = YES_ERROR;
				CLANG_WARN_UNREACHABLE_CODE = YES;
				CLANG_WARN__DUPLICATE_METHOD_MATCH = YES;
				"CODE_SIGN_IDENTITY[sdk=iphoneos*]" = "iPhone Developer";
				COPY_PHASE_STRIP = NO;
				DEBUG_INFORMATION_FORMAT = "dwarf-with-dsym";
				ENABLE_STRICT_OBJC_MSGSEND = YES;
				GCC_C_LANGUAGE_STANDARD = gnu99;
				GCC_DYNAMIC_NO_PIC = NO;
				GCC_NO_COMMON_BLOCKS = YES;
				GCC_OPTIMIZATION_LEVEL = 0;
				GCC_PREPROCESSOR_DEFINITIONS = (
					"DEBUG=1",
					"$(inherited)",
				);
				GCC_SYMBOLS_PRIVATE_EXTERN = NO;
				GCC_WARN_64_TO_32_BIT_CONVERSION = YES;
				GCC_WARN_ABOUT_RETURN_TYPE = YES_ERROR;
				GCC_WARN_UNDECLARED_SELECTOR = YES;
				GCC_WARN_UNINITIALIZED_AUTOS = YES_AGGRESSIVE;
				GCC_WARN_UNUSED_FUNCTION = YES;
				GCC_WARN_UNUSED_VARIABLE = YES;
				IPHONEOS_DEPLOYMENT_TARGET = 8.0;
				MTL_ENABLE_DEBUG_INFO = YES;
				ONLY_ACTIVE_ARCH = YES;
				SDKROOT = iphoneos;
				TARGETED_DEVICE_FAMILY = "1,2";
			};
			name = Debug;
		};
		D5B360DE1AF67B58006F33B9 /* Release */ = {
			isa = XCBuildConfiguration;
			buildSettings = {
				ALWAYS_SEARCH_USER_PATHS = NO;
				CLANG_CXX_LANGUAGE_STANDARD = "gnu++0x";
				CLANG_CXX_LIBRARY = "libc++";
				CLANG_ENABLE_MODULES = YES;
				CLANG_ENABLE_OBJC_ARC = YES;
				CLANG_WARN_BOOL_CONVERSION = YES;
				CLANG_WARN_CONSTANT_CONVERSION = YES;
				CLANG_WARN_DIRECT_OBJC_ISA_USAGE = YES_ERROR;
				CLANG_WARN_EMPTY_BODY = YES;
				CLANG_WARN_ENUM_CONVERSION = YES;
				CLANG_WARN_INT_CONVERSION = YES;
				CLANG_WARN_OBJC_ROOT_CLASS = YES_ERROR;
				CLANG_WARN_UNREACHABLE_CODE = YES;
				CLANG_WARN__DUPLICATE_METHOD_MATCH = YES;
				"CODE_SIGN_IDENTITY[sdk=iphoneos*]" = "iPhone Developer";
				COPY_PHASE_STRIP = NO;
				DEBUG_INFORMATION_FORMAT = "dwarf-with-dsym";
				ENABLE_NS_ASSERTIONS = NO;
				ENABLE_STRICT_OBJC_MSGSEND = YES;
				GCC_C_LANGUAGE_STANDARD = gnu99;
				GCC_NO_COMMON_BLOCKS = YES;
				GCC_WARN_64_TO_32_BIT_CONVERSION = YES;
				GCC_WARN_ABOUT_RETURN_TYPE = YES_ERROR;
				GCC_WARN_UNDECLARED_SELECTOR = YES;
				GCC_WARN_UNINITIALIZED_AUTOS = YES_AGGRESSIVE;
				GCC_WARN_UNUSED_FUNCTION = YES;
				GCC_WARN_UNUSED_VARIABLE = YES;
				IPHONEOS_DEPLOYMENT_TARGET = 8.0;
				MTL_ENABLE_DEBUG_INFO = NO;
				SDKROOT = iphoneos;
				TARGETED_DEVICE_FAMILY = "1,2";
				VALIDATE_PRODUCT = YES;
			};
			name = Release;
		};
		D5B360E01AF67B58006F33B9 /* Debug */ = {
			isa = XCBuildConfiguration;
			buildSettings = {
				ASSETCATALOG_COMPILER_APPICON_NAME = AppIcon;
				ASSETCATALOG_COMPILER_LAUNCHIMAGE_NAME = LaunchImage;
				CODE_SIGN_IDENTITY = "iPhone Developer";
				HEADER_SEARCH_PATHS = (
					"$(inherited)",
					/Applications/Xcode.app/Contents/Developer/Toolchains/XcodeDefault.xctoolchain/usr/include,
					"~/Code/Geodesic/",
				);
				INFOPLIST_FILE = Domekit/Info.plist;
				IPHONEOS_DEPLOYMENT_TARGET = 7.0;
				LD_RUNPATH_SEARCH_PATHS = "$(inherited) @executable_path/Frameworks";
				PRODUCT_NAME = "$(TARGET_NAME)";
				TARGETED_DEVICE_FAMILY = "1,2";
			};
			name = Debug;
		};
		D5B360E11AF67B58006F33B9 /* Release */ = {
			isa = XCBuildConfiguration;
			buildSettings = {
				ASSETCATALOG_COMPILER_APPICON_NAME = AppIcon;
				ASSETCATALOG_COMPILER_LAUNCHIMAGE_NAME = LaunchImage;
				CODE_SIGN_IDENTITY = "iPhone Developer";
				HEADER_SEARCH_PATHS = (
					"$(inherited)",
					/Applications/Xcode.app/Contents/Developer/Toolchains/XcodeDefault.xctoolchain/usr/include,
					"~/Code/Geodesic/",
				);
				INFOPLIST_FILE = Domekit/Info.plist;
				IPHONEOS_DEPLOYMENT_TARGET = 7.0;
				LD_RUNPATH_SEARCH_PATHS = "$(inherited) @executable_path/Frameworks";
				PRODUCT_NAME = "$(TARGET_NAME)";
				TARGETED_DEVICE_FAMILY = "1,2";
			};
			name = Release;
		};
		D5B360E31AF67B58006F33B9 /* Debug */ = {
			isa = XCBuildConfiguration;
			buildSettings = {
				BUNDLE_LOADER = "$(TEST_HOST)";
				FRAMEWORK_SEARCH_PATHS = (
					"$(SDKROOT)/Developer/Library/Frameworks",
					"$(inherited)",
				);
				GCC_PREPROCESSOR_DEFINITIONS = (
					"DEBUG=1",
					"$(inherited)",
				);
				INFOPLIST_FILE = DomekitTests/Info.plist;
				LD_RUNPATH_SEARCH_PATHS = "$(inherited) @executable_path/Frameworks @loader_path/Frameworks";
				PRODUCT_NAME = "$(TARGET_NAME)";
				TEST_HOST = "$(BUILT_PRODUCTS_DIR)/Domekit.app/Domekit";
			};
			name = Debug;
		};
		D5B360E41AF67B58006F33B9 /* Release */ = {
			isa = XCBuildConfiguration;
			buildSettings = {
				BUNDLE_LOADER = "$(TEST_HOST)";
				FRAMEWORK_SEARCH_PATHS = (
					"$(SDKROOT)/Developer/Library/Frameworks",
					"$(inherited)",
				);
				INFOPLIST_FILE = DomekitTests/Info.plist;
				LD_RUNPATH_SEARCH_PATHS = "$(inherited) @executable_path/Frameworks @loader_path/Frameworks";
				PRODUCT_NAME = "$(TARGET_NAME)";
				TEST_HOST = "$(BUILT_PRODUCTS_DIR)/Domekit.app/Domekit";
			};
			name = Release;
		};
/* End XCBuildConfiguration section */

/* Begin XCConfigurationList section */
		D5B360B71AF67B58006F33B9 /* Build configuration list for PBXProject "Domekit" */ = {
			isa = XCConfigurationList;
			buildConfigurations = (
				D5B360DD1AF67B58006F33B9 /* Debug */,
				D5B360DE1AF67B58006F33B9 /* Release */,
			);
			defaultConfigurationIsVisible = 0;
			defaultConfigurationName = Release;
		};
		D5B360DF1AF67B58006F33B9 /* Build configuration list for PBXNativeTarget "Domekit" */ = {
			isa = XCConfigurationList;
			buildConfigurations = (
				D5B360E01AF67B58006F33B9 /* Debug */,
				D5B360E11AF67B58006F33B9 /* Release */,
			);
			defaultConfigurationIsVisible = 0;
			defaultConfigurationName = Release;
		};
		D5B360E21AF67B58006F33B9 /* Build configuration list for PBXNativeTarget "DomekitTests" */ = {
			isa = XCConfigurationList;
			buildConfigurations = (
				D5B360E31AF67B58006F33B9 /* Debug */,
				D5B360E41AF67B58006F33B9 /* Release */,
			);
			defaultConfigurationIsVisible = 0;
			defaultConfigurationName = Release;
		};
/* End XCConfigurationList section */
	};
	rootObject = D5B360B41AF67B58006F33B9 /* Project object */;
}
