// !$*UTF8*$!
{
	archiveVersion = 1;
	classes = {
	};
	objectVersion = 46;
	objects = {

/* Begin PBXBuildFile section */
		D505712C1961D79400DDC70D /* main.m in Sources */ = {isa = PBXBuildFile; fileRef = D505712B1961D79400DDC70D /* main.m */; };
		D505712F1961D79400DDC70D /* AppDelegate.m in Sources */ = {isa = PBXBuildFile; fileRef = D505712E1961D79400DDC70D /* AppDelegate.m */; };
		D50571311961D79400DDC70D /* Images.xcassets in Resources */ = {isa = PBXBuildFile; fileRef = D50571301961D79400DDC70D /* Images.xcassets */; };
		D505713D1961D79400DDC70D /* DomekitTests.m in Sources */ = {isa = PBXBuildFile; fileRef = D505713C1961D79400DDC70D /* DomekitTests.m */; };
		D505714E1961D7B000DDC70D /* NavBar.m in Sources */ = {isa = PBXBuildFile; fileRef = D50571471961D7B000DDC70D /* NavBar.m */; };
		D505714F1961D7B000DDC70D /* Primitives.m in Sources */ = {isa = PBXBuildFile; fileRef = D50571491961D7B000DDC70D /* Primitives.m */; };
		D50571501961D7B000DDC70D /* Room.m in Sources */ = {isa = PBXBuildFile; fileRef = D505714B1961D7B000DDC70D /* Room.m */; };
		D50571511961D7B000DDC70D /* Stage.m in Sources */ = {isa = PBXBuildFile; fileRef = D505714D1961D7B000DDC70D /* Stage.m */; };
		D505715E1961D7E900DDC70D /* Make.m in Sources */ = {isa = PBXBuildFile; fileRef = D50571561961D7E900DDC70D /* Make.m */; };
		D50571601961D7E900DDC70D /* Curtain.m in Sources */ = {isa = PBXBuildFile; fileRef = D505715A1961D7E900DDC70D /* Curtain.m */; };
		D50571611961D7E900DDC70D /* Hotspot.m in Sources */ = {isa = PBXBuildFile; fileRef = D505715C1961D7E900DDC70D /* Hotspot.m */; };
		D505716E1961DACA00DDC70D /* Montserrat-Bold.ttf in Resources */ = {isa = PBXBuildFile; fileRef = D505716C1961DACA00DDC70D /* Montserrat-Bold.ttf */; };
		D505716F1961DACA00DDC70D /* Montserrat-Regular.ttf in Resources */ = {isa = PBXBuildFile; fileRef = D505716D1961DACA00DDC70D /* Montserrat-Regular.ttf */; };
		D506C2431988CAE3003F9D4A /* UIScrollViewSubclass.m in Sources */ = {isa = PBXBuildFile; fileRef = D506C2421988CAE3003F9D4A /* UIScrollViewSubclass.m */; };
		D527E08719A55FC80092CA64 /* SceneController.m in Sources */ = {isa = PBXBuildFile; fileRef = D527E08619A55FC80092CA64 /* SceneController.m */; };
		D5D3BD6A19629EA7000912FC /* Animation.m in Sources */ = {isa = PBXBuildFile; fileRef = D5D3BD6919629EA7000912FC /* Animation.m */; };
		D5D3BD6E1962A2B6000912FC /* Geodesic.m in Sources */ = {isa = PBXBuildFile; fileRef = D5D3BD6D1962A2B6000912FC /* Geodesic.m */; };
/* End PBXBuildFile section */

/* Begin PBXContainerItemProxy section */
		D50571371961D79400DDC70D /* PBXContainerItemProxy */ = {
			isa = PBXContainerItemProxy;
			containerPortal = D505711E1961D79400DDC70D /* Project object */;
			proxyType = 1;
			remoteGlobalIDString = D50571251961D79400DDC70D;
			remoteInfo = Domekit;
		};
		D58ECFAE19639AF0009C8391 /* PBXContainerItemProxy */ = {
			isa = PBXContainerItemProxy;
			containerPortal = D505711E1961D79400DDC70D /* Project object */;
			proxyType = 1;
			remoteGlobalIDString = D50571251961D79400DDC70D;
			remoteInfo = Domekit;
		};
/* End PBXContainerItemProxy section */

/* Begin PBXFileReference section */
		D50571261961D79400DDC70D /* Domekit.app */ = {isa = PBXFileReference; explicitFileType = wrapper.application; includeInIndex = 0; path = Domekit.app; sourceTree = BUILT_PRODUCTS_DIR; };
		D505712A1961D79400DDC70D /* Info.plist */ = {isa = PBXFileReference; lastKnownFileType = text.plist.xml; path = Info.plist; sourceTree = "<group>"; };
		D505712B1961D79400DDC70D /* main.m */ = {isa = PBXFileReference; lastKnownFileType = sourcecode.c.objc; path = main.m; sourceTree = "<group>"; };
		D505712D1961D79400DDC70D /* AppDelegate.h */ = {isa = PBXFileReference; lastKnownFileType = sourcecode.c.h; path = AppDelegate.h; sourceTree = "<group>"; };
		D505712E1961D79400DDC70D /* AppDelegate.m */ = {isa = PBXFileReference; lastKnownFileType = sourcecode.c.objc; path = AppDelegate.m; sourceTree = "<group>"; };
		D50571301961D79400DDC70D /* Images.xcassets */ = {isa = PBXFileReference; lastKnownFileType = folder.assetcatalog; path = Images.xcassets; sourceTree = "<group>"; };
		D50571361961D79400DDC70D /* DomekitTests.xctest */ = {isa = PBXFileReference; explicitFileType = wrapper.cfbundle; includeInIndex = 0; path = DomekitTests.xctest; sourceTree = BUILT_PRODUCTS_DIR; };
		D505713B1961D79400DDC70D /* Info.plist */ = {isa = PBXFileReference; lastKnownFileType = text.plist.xml; path = Info.plist; sourceTree = "<group>"; };
		D505713C1961D79400DDC70D /* DomekitTests.m */ = {isa = PBXFileReference; lastKnownFileType = sourcecode.c.objc; path = DomekitTests.m; sourceTree = "<group>"; };
		D50571461961D7B000DDC70D /* NavBar.h */ = {isa = PBXFileReference; fileEncoding = 4; lastKnownFileType = sourcecode.c.h; path = NavBar.h; sourceTree = "<group>"; };
		D50571471961D7B000DDC70D /* NavBar.m */ = {isa = PBXFileReference; fileEncoding = 4; lastKnownFileType = sourcecode.c.objc; path = NavBar.m; sourceTree = "<group>"; };
		D50571481961D7B000DDC70D /* Primitives.h */ = {isa = PBXFileReference; fileEncoding = 4; lastKnownFileType = sourcecode.c.h; path = Primitives.h; sourceTree = "<group>"; };
		D50571491961D7B000DDC70D /* Primitives.m */ = {isa = PBXFileReference; fileEncoding = 4; lastKnownFileType = sourcecode.c.objc; path = Primitives.m; sourceTree = "<group>"; };
		D505714A1961D7B000DDC70D /* Room.h */ = {isa = PBXFileReference; fileEncoding = 4; lastKnownFileType = sourcecode.c.h; path = Room.h; sourceTree = "<group>"; };
		D505714B1961D7B000DDC70D /* Room.m */ = {isa = PBXFileReference; fileEncoding = 4; lastKnownFileType = sourcecode.c.objc; path = Room.m; sourceTree = "<group>"; };
		D505714C1961D7B000DDC70D /* Stage.h */ = {isa = PBXFileReference; fileEncoding = 4; lastKnownFileType = sourcecode.c.h; path = Stage.h; sourceTree = "<group>"; };
		D505714D1961D7B000DDC70D /* Stage.m */ = {isa = PBXFileReference; fileEncoding = 4; lastKnownFileType = sourcecode.c.objc; path = Stage.m; sourceTree = "<group>"; };
		D50571521961D7B600DDC70D /* lights.c */ = {isa = PBXFileReference; fileEncoding = 4; lastKnownFileType = sourcecode.c.c; path = lights.c; sourceTree = "<group>"; };
		D50571541961D7E900DDC70D /* common.c */ = {isa = PBXFileReference; fileEncoding = 4; lastKnownFileType = sourcecode.c.c; path = common.c; sourceTree = "<group>"; };
		D50571551961D7E900DDC70D /* Make.h */ = {isa = PBXFileReference; fileEncoding = 4; lastKnownFileType = sourcecode.c.h; path = Make.h; sourceTree = "<group>"; };
		D50571561961D7E900DDC70D /* Make.m */ = {isa = PBXFileReference; fileEncoding = 4; lastKnownFileType = sourcecode.c.objc; path = Make.m; sourceTree = "<group>"; };
		D50571591961D7E900DDC70D /* Curtain.h */ = {isa = PBXFileReference; fileEncoding = 4; lastKnownFileType = sourcecode.c.h; path = Curtain.h; sourceTree = "<group>"; };
		D505715A1961D7E900DDC70D /* Curtain.m */ = {isa = PBXFileReference; fileEncoding = 4; lastKnownFileType = sourcecode.c.objc; path = Curtain.m; sourceTree = "<group>"; };
		D505715B1961D7E900DDC70D /* Hotspot.h */ = {isa = PBXFileReference; fileEncoding = 4; lastKnownFileType = sourcecode.c.h; path = Hotspot.h; sourceTree = "<group>"; };
		D505715C1961D7E900DDC70D /* Hotspot.m */ = {isa = PBXFileReference; fileEncoding = 4; lastKnownFileType = sourcecode.c.objc; path = Hotspot.m; sourceTree = "<group>"; };
		D505716C1961DACA00DDC70D /* Montserrat-Bold.ttf */ = {isa = PBXFileReference; lastKnownFileType = file; path = "Montserrat-Bold.ttf"; sourceTree = "<group>"; };
		D505716D1961DACA00DDC70D /* Montserrat-Regular.ttf */ = {isa = PBXFileReference; lastKnownFileType = file; path = "Montserrat-Regular.ttf"; sourceTree = "<group>"; };
		D506C2411988CAE3003F9D4A /* UIScrollViewSubclass.h */ = {isa = PBXFileReference; fileEncoding = 4; lastKnownFileType = sourcecode.c.h; path = UIScrollViewSubclass.h; sourceTree = "<group>"; };
		D506C2421988CAE3003F9D4A /* UIScrollViewSubclass.m */ = {isa = PBXFileReference; fileEncoding = 4; lastKnownFileType = sourcecode.c.objc; path = UIScrollViewSubclass.m; sourceTree = "<group>"; };
		D527E08519A55FC80092CA64 /* SceneController.h */ = {isa = PBXFileReference; fileEncoding = 4; lastKnownFileType = sourcecode.c.h; path = SceneController.h; sourceTree = "<group>"; };
		D527E08619A55FC80092CA64 /* SceneController.m */ = {isa = PBXFileReference; fileEncoding = 4; lastKnownFileType = sourcecode.c.objc; path = SceneController.m; sourceTree = "<group>"; };
		D5D3BD6319629721000912FC /* geodesic.c */ = {isa = PBXFileReference; lastKnownFileType = sourcecode.c.c; name = geodesic.c; path = ../../Geodesic/geodesic.c; sourceTree = "<group>"; };
		D5D3BD6419629721000912FC /* geodesic.h */ = {isa = PBXFileReference; lastKnownFileType = sourcecode.c.h; name = geodesic.h; path = ../../Geodesic/geodesic.h; sourceTree = "<group>"; };
		D5D3BD6519629721000912FC /* geomesh.c */ = {isa = PBXFileReference; lastKnownFileType = sourcecode.c.c; name = geomesh.c; path = ../../Geodesic/geomesh.c; sourceTree = "<group>"; };
		D5D3BD6619629721000912FC /* geomesh.h */ = {isa = PBXFileReference; lastKnownFileType = sourcecode.c.h; name = geomesh.h; path = ../../Geodesic/geomesh.h; sourceTree = "<group>"; };
		D5D3BD6819629EA7000912FC /* Animation.h */ = {isa = PBXFileReference; fileEncoding = 4; lastKnownFileType = sourcecode.c.h; path = Animation.h; sourceTree = "<group>"; };
		D5D3BD6919629EA7000912FC /* Animation.m */ = {isa = PBXFileReference; fileEncoding = 4; lastKnownFileType = sourcecode.c.objc; path = Animation.m; sourceTree = "<group>"; };
		D5D3BD6C1962A2B6000912FC /* Geodesic.h */ = {isa = PBXFileReference; fileEncoding = 4; lastKnownFileType = sourcecode.c.h; path = Geodesic.h; sourceTree = "<group>"; };
		D5D3BD6D1962A2B6000912FC /* Geodesic.m */ = {isa = PBXFileReference; fileEncoding = 4; lastKnownFileType = sourcecode.c.objc; path = Geodesic.m; sourceTree = "<group>"; };
		D5F77E78198621D3002C6C3B /* platonic.c */ = {isa = PBXFileReference; lastKnownFileType = sourcecode.c.c; name = platonic.c; path = ../../Geodesic/platonic.c; sourceTree = "<group>"; };
		D5F77E791986224A002C6C3B /* platonic.h */ = {isa = PBXFileReference; lastKnownFileType = sourcecode.c.h; name = platonic.h; path = ../../Geodesic/platonic.h; sourceTree = "<group>"; };
/* End PBXFileReference section */

/* Begin PBXFrameworksBuildPhase section */
		D50571231961D79400DDC70D /* Frameworks */ = {
			isa = PBXFrameworksBuildPhase;
			buildActionMask = 2147483647;
			files = (
			);
			runOnlyForDeploymentPostprocessing = 0;
		};
		D50571331961D79400DDC70D /* Frameworks */ = {
			isa = PBXFrameworksBuildPhase;
			buildActionMask = 2147483647;
			files = (
			);
			runOnlyForDeploymentPostprocessing = 0;
		};
/* End PBXFrameworksBuildPhase section */

/* Begin PBXGroup section */
		D505711D1961D79400DDC70D = {
			isa = PBXGroup;
			children = (
				D50571281961D79400DDC70D /* Domekit */,
				D50571391961D79400DDC70D /* DomekitTests */,
				D50571271961D79400DDC70D /* Products */,
			);
			sourceTree = "<group>";
		};
		D50571271961D79400DDC70D /* Products */ = {
			isa = PBXGroup;
			children = (
				D50571261961D79400DDC70D /* Domekit.app */,
				D50571361961D79400DDC70D /* DomekitTests.xctest */,
			);
			name = Products;
			sourceTree = "<group>";
		};
		D50571281961D79400DDC70D /* Domekit */ = {
			isa = PBXGroup;
			children = (
				D505712D1961D79400DDC70D /* AppDelegate.h */,
				D505712E1961D79400DDC70D /* AppDelegate.m */,
				D5535F78199D9F260038E67B /* StageKit */,
				D5D3BD6719629725000912FC /* Geodesic */,
				D50571301961D79400DDC70D /* Images.xcassets */,
				D50571291961D79400DDC70D /* Supporting Files */,
			);
			path = Domekit;
			sourceTree = "<group>";
		};
		D50571291961D79400DDC70D /* Supporting Files */ = {
			isa = PBXGroup;
			children = (
				D505716C1961DACA00DDC70D /* Montserrat-Bold.ttf */,
				D505716D1961DACA00DDC70D /* Montserrat-Regular.ttf */,
				D505712A1961D79400DDC70D /* Info.plist */,
				D505712B1961D79400DDC70D /* main.m */,
			);
			name = "Supporting Files";
			sourceTree = "<group>";
		};
		D50571391961D79400DDC70D /* DomekitTests */ = {
			isa = PBXGroup;
			children = (
				D505713C1961D79400DDC70D /* DomekitTests.m */,
				D505713A1961D79400DDC70D /* Supporting Files */,
			);
			path = DomekitTests;
			sourceTree = "<group>";
		};
		D505713A1961D79400DDC70D /* Supporting Files */ = {
			isa = PBXGroup;
			children = (
				D505713B1961D79400DDC70D /* Info.plist */,
			);
			name = "Supporting Files";
			sourceTree = "<group>";
		};
		D50571621961D81500DDC70D /* Superclass */ = {
			isa = PBXGroup;
			children = (
				D505714A1961D7B000DDC70D /* Room.h */,
				D505714B1961D7B000DDC70D /* Room.m */,
				D50571591961D7E900DDC70D /* Curtain.h */,
				D505715A1961D7E900DDC70D /* Curtain.m */,
			);
			name = Superclass;
			sourceTree = "<group>";
		};
		D50571631961D82C00DDC70D /* StageKit Tools */ = {
			isa = PBXGroup;
			children = (
				D50571621961D81500DDC70D /* Superclass */,
				D50571541961D7E900DDC70D /* common.c */,
				D50571481961D7B000DDC70D /* Primitives.h */,
				D50571491961D7B000DDC70D /* Primitives.m */,
				D50571521961D7B600DDC70D /* lights.c */,
				D505715B1961D7E900DDC70D /* Hotspot.h */,
				D505715C1961D7E900DDC70D /* Hotspot.m */,
				D5D3BD6819629EA7000912FC /* Animation.h */,
				D5D3BD6919629EA7000912FC /* Animation.m */,
			);
			name = "StageKit Tools";
			sourceTree = "<group>";
		};
		D50571641961D83800DDC70D /* Interfaces */ = {
			isa = PBXGroup;
			children = (
				D5D3BD6C1962A2B6000912FC /* Geodesic.h */,
				D5D3BD6D1962A2B6000912FC /* Geodesic.m */,
				D50571461961D7B000DDC70D /* NavBar.h */,
				D50571471961D7B000DDC70D /* NavBar.m */,
				D50571551961D7E900DDC70D /* Make.h */,
				D50571561961D7E900DDC70D /* Make.m */,
				D506C2441988CAE7003F9D4A /* UIKit */,
			);
			name = Interfaces;
			sourceTree = "<group>";
		};
		D506C2441988CAE7003F9D4A /* UIKit */ = {
			isa = PBXGroup;
			children = (
				D506C2411988CAE3003F9D4A /* UIScrollViewSubclass.h */,
				D506C2421988CAE3003F9D4A /* UIScrollViewSubclass.m */,
			);
			name = UIKit;
			sourceTree = "<group>";
		};
		D5535F78199D9F260038E67B /* StageKit */ = {
			isa = PBXGroup;
			children = (
				D505714C1961D7B000DDC70D /* Stage.h */,
				D505714D1961D7B000DDC70D /* Stage.m */,
				D527E08519A55FC80092CA64 /* SceneController.h */,
				D527E08619A55FC80092CA64 /* SceneController.m */,
				D50571641961D83800DDC70D /* Interfaces */,
				D50571631961D82C00DDC70D /* StageKit Tools */,
			);
			name = StageKit;
			sourceTree = "<group>";
		};
		D5D3BD6719629725000912FC /* Geodesic */ = {
			isa = PBXGroup;
			children = (
				D5F77E791986224A002C6C3B /* platonic.h */,
				D5F77E78198621D3002C6C3B /* platonic.c */,
				D5D3BD6419629721000912FC /* geodesic.h */,
				D5D3BD6319629721000912FC /* geodesic.c */,
				D5D3BD6619629721000912FC /* geomesh.h */,
				D5D3BD6519629721000912FC /* geomesh.c */,
			);
			name = Geodesic;
			sourceTree = "<group>";
		};
/* End PBXGroup section */

/* Begin PBXNativeTarget section */
		D50571251961D79400DDC70D /* Domekit */ = {
			isa = PBXNativeTarget;
			buildConfigurationList = D50571401961D79400DDC70D /* Build configuration list for PBXNativeTarget "Domekit" */;
			buildPhases = (
				D50571221961D79400DDC70D /* Sources */,
				D50571231961D79400DDC70D /* Frameworks */,
				D50571241961D79400DDC70D /* Resources */,
			);
			buildRules = (
			);
			dependencies = (
			);
			name = Domekit;
			productName = Domekit;
			productReference = D50571261961D79400DDC70D /* Domekit.app */;
			productType = "com.apple.product-type.application";
		};
		D50571351961D79400DDC70D /* DomekitTests */ = {
			isa = PBXNativeTarget;
			buildConfigurationList = D50571431961D79400DDC70D /* Build configuration list for PBXNativeTarget "DomekitTests" */;
			buildPhases = (
				D50571321961D79400DDC70D /* Sources */,
				D50571331961D79400DDC70D /* Frameworks */,
				D50571341961D79400DDC70D /* Resources */,
			);
			buildRules = (
			);
			dependencies = (
				D50571381961D79400DDC70D /* PBXTargetDependency */,
				D58ECFAF19639AF0009C8391 /* PBXTargetDependency */,
			);
			name = DomekitTests;
			productName = DomekitTests;
			productReference = D50571361961D79400DDC70D /* DomekitTests.xctest */;
			productType = "com.apple.product-type.bundle.unit-test";
		};
/* End PBXNativeTarget section */

/* Begin PBXProject section */
		D505711E1961D79400DDC70D /* Project object */ = {
			isa = PBXProject;
			attributes = {
				LastUpgradeCheck = 0600;
				ORGANIZATIONNAME = Robby;
				TargetAttributes = {
					D50571251961D79400DDC70D = {
						CreatedOnToolsVersion = 6.0;
					};
					D50571351961D79400DDC70D = {
						CreatedOnToolsVersion = 6.0;
						TestTargetID = D50571251961D79400DDC70D;
					};
				};
			};
			buildConfigurationList = D50571211961D79400DDC70D /* Build configuration list for PBXProject "Domekit" */;
			compatibilityVersion = "Xcode 3.2";
			developmentRegion = English;
			hasScannedForEncodings = 0;
			knownRegions = (
				en,
			);
			mainGroup = D505711D1961D79400DDC70D;
			productRefGroup = D50571271961D79400DDC70D /* Products */;
			projectDirPath = "";
			projectRoot = "";
			targets = (
				D50571251961D79400DDC70D /* Domekit */,
				D50571351961D79400DDC70D /* DomekitTests */,
			);
		};
/* End PBXProject section */

/* Begin PBXResourcesBuildPhase section */
		D50571241961D79400DDC70D /* Resources */ = {
			isa = PBXResourcesBuildPhase;
			buildActionMask = 2147483647;
			files = (
				D505716F1961DACA00DDC70D /* Montserrat-Regular.ttf in Resources */,
				D505716E1961DACA00DDC70D /* Montserrat-Bold.ttf in Resources */,
				D50571311961D79400DDC70D /* Images.xcassets in Resources */,
			);
			runOnlyForDeploymentPostprocessing = 0;
		};
		D50571341961D79400DDC70D /* Resources */ = {
			isa = PBXResourcesBuildPhase;
			buildActionMask = 2147483647;
			files = (
			);
			runOnlyForDeploymentPostprocessing = 0;
		};
/* End PBXResourcesBuildPhase section */

/* Begin PBXSourcesBuildPhase section */
		D50571221961D79400DDC70D /* Sources */ = {
			isa = PBXSourcesBuildPhase;
			buildActionMask = 2147483647;
			files = (
				D50571511961D7B000DDC70D /* Stage.m in Sources */,
				D5D3BD6E1962A2B6000912FC /* Geodesic.m in Sources */,
				D50571601961D7E900DDC70D /* Curtain.m in Sources */,
				D50571501961D7B000DDC70D /* Room.m in Sources */,
				D50571611961D7E900DDC70D /* Hotspot.m in Sources */,
				D506C2431988CAE3003F9D4A /* UIScrollViewSubclass.m in Sources */,
				D505714E1961D7B000DDC70D /* NavBar.m in Sources */,
				D527E08719A55FC80092CA64 /* SceneController.m in Sources */,
				D505715E1961D7E900DDC70D /* Make.m in Sources */,
				D5D3BD6A19629EA7000912FC /* Animation.m in Sources */,
				D505712F1961D79400DDC70D /* AppDelegate.m in Sources */,
				D505712C1961D79400DDC70D /* main.m in Sources */,
				D505714F1961D7B000DDC70D /* Primitives.m in Sources */,
			);
			runOnlyForDeploymentPostprocessing = 0;
		};
		D50571321961D79400DDC70D /* Sources */ = {
			isa = PBXSourcesBuildPhase;
			buildActionMask = 2147483647;
			files = (
				D505713D1961D79400DDC70D /* DomekitTests.m in Sources */,
			);
			runOnlyForDeploymentPostprocessing = 0;
		};
/* End PBXSourcesBuildPhase section */

/* Begin PBXTargetDependency section */
		D50571381961D79400DDC70D /* PBXTargetDependency */ = {
			isa = PBXTargetDependency;
			target = D50571251961D79400DDC70D /* Domekit */;
			targetProxy = D50571371961D79400DDC70D /* PBXContainerItemProxy */;
		};
		D58ECFAF19639AF0009C8391 /* PBXTargetDependency */ = {
			isa = PBXTargetDependency;
			target = D50571251961D79400DDC70D /* Domekit */;
			targetProxy = D58ECFAE19639AF0009C8391 /* PBXContainerItemProxy */;
		};
/* End PBXTargetDependency section */

/* Begin XCBuildConfiguration section */
		D505713E1961D79400DDC70D /* Debug */ = {
			isa = XCBuildConfiguration;
			buildSettings = {
				ALWAYS_SEARCH_USER_PATHS = NO;
				CLANG_CXX_LANGUAGE_STANDARD = "gnu++0x";
				CLANG_CXX_LIBRARY = "libc++";
				CLANG_ENABLE_MODULES = YES;
				CLANG_ENABLE_OBJC_ARC = YES;
				CLANG_WARN_BOOL_CONVERSION = YES;
				CLANG_WARN_CONSTANT_CONVERSION = YES;
				CLANG_WARN_DIRECT_OBJC_ISA_USAGE = YES_ERROR;
				CLANG_WARN_EMPTY_BODY = YES;
				CLANG_WARN_ENUM_CONVERSION = YES;
				CLANG_WARN_INT_CONVERSION = YES;
				CLANG_WARN_OBJC_ROOT_CLASS = YES_ERROR;
				CLANG_WARN_UNREACHABLE_CODE = YES;
				CLANG_WARN__DUPLICATE_METHOD_MATCH = YES;
				"CODE_SIGN_IDENTITY[sdk=iphoneos*]" = "iPhone Developer";
				COPY_PHASE_STRIP = NO;
				ENABLE_STRICT_OBJC_MSGSEND = YES;
				GCC_C_LANGUAGE_STANDARD = gnu99;
				GCC_DYNAMIC_NO_PIC = NO;
				GCC_OPTIMIZATION_LEVEL = 0;
				GCC_PREPROCESSOR_DEFINITIONS = (
					"DEBUG=1",
					"$(inherited)",
				);
				GCC_SYMBOLS_PRIVATE_EXTERN = NO;
				GCC_WARN_64_TO_32_BIT_CONVERSION = YES;
				GCC_WARN_ABOUT_RETURN_TYPE = YES_ERROR;
				GCC_WARN_UNDECLARED_SELECTOR = YES;
				GCC_WARN_UNINITIALIZED_AUTOS = YES_AGGRESSIVE;
				GCC_WARN_UNUSED_FUNCTION = YES;
				GCC_WARN_UNUSED_VARIABLE = YES;
				IPHONEOS_DEPLOYMENT_TARGET = 8.0;
				METAL_ENABLE_DEBUG_INFO = YES;
				ONLY_ACTIVE_ARCH = YES;
				SDKROOT = iphoneos;
				TARGETED_DEVICE_FAMILY = "1,2";
			};
			name = Debug;
		};
		D505713F1961D79400DDC70D /* Release */ = {
			isa = XCBuildConfiguration;
			buildSettings = {
				ALWAYS_SEARCH_USER_PATHS = NO;
				CLANG_CXX_LANGUAGE_STANDARD = "gnu++0x";
				CLANG_CXX_LIBRARY = "libc++";
				CLANG_ENABLE_MODULES = YES;
				CLANG_ENABLE_OBJC_ARC = YES;
				CLANG_WARN_BOOL_CONVERSION = YES;
				CLANG_WARN_CONSTANT_CONVERSION = YES;
				CLANG_WARN_DIRECT_OBJC_ISA_USAGE = YES_ERROR;
				CLANG_WARN_EMPTY_BODY = YES;
				CLANG_WARN_ENUM_CONVERSION = YES;
				CLANG_WARN_INT_CONVERSION = YES;
				CLANG_WARN_OBJC_ROOT_CLASS = YES_ERROR;
				CLANG_WARN_UNREACHABLE_CODE = YES;
				CLANG_WARN__DUPLICATE_METHOD_MATCH = YES;
				"CODE_SIGN_IDENTITY[sdk=iphoneos*]" = "iPhone Developer";
				COPY_PHASE_STRIP = YES;
				ENABLE_NS_ASSERTIONS = NO;
				ENABLE_STRICT_OBJC_MSGSEND = YES;
				GCC_C_LANGUAGE_STANDARD = gnu99;
				GCC_WARN_64_TO_32_BIT_CONVERSION = YES;
				GCC_WARN_ABOUT_RETURN_TYPE = YES_ERROR;
				GCC_WARN_UNDECLARED_SELECTOR = YES;
				GCC_WARN_UNINITIALIZED_AUTOS = YES_AGGRESSIVE;
				GCC_WARN_UNUSED_FUNCTION = YES;
				GCC_WARN_UNUSED_VARIABLE = YES;
				IPHONEOS_DEPLOYMENT_TARGET = 8.0;
				METAL_ENABLE_DEBUG_INFO = NO;
				SDKROOT = iphoneos;
				TARGETED_DEVICE_FAMILY = "1,2";
				VALIDATE_PRODUCT = YES;
			};
			name = Release;
		};
		D50571411961D79400DDC70D /* Debug */ = {
			isa = XCBuildConfiguration;
			buildSettings = {
				ASSETCATALOG_COMPILER_APPICON_NAME = AppIcon;
				ASSETCATALOG_COMPILER_LAUNCHIMAGE_NAME = LaunchImage;
				HEADER_SEARCH_PATHS = (
					"$(inherited)",
					"/Applications/Xcode6-Beta.app/Contents/Developer/Toolchains/XcodeDefault.xctoolchain/usr/include",
					../Geodesic,
				);
				INFOPLIST_FILE = Domekit/Info.plist;
				IPHONEOS_DEPLOYMENT_TARGET = 6.0;
				LD_RUNPATH_SEARCH_PATHS = "$(inherited) @executable_path/Frameworks";
				PRODUCT_NAME = "$(TARGET_NAME)";
				TARGETED_DEVICE_FAMILY = "1,2";
			};
			name = Debug;
		};
		D50571421961D79400DDC70D /* Release */ = {
			isa = XCBuildConfiguration;
			buildSettings = {
				ASSETCATALOG_COMPILER_APPICON_NAME = AppIcon;
				ASSETCATALOG_COMPILER_LAUNCHIMAGE_NAME = LaunchImage;
				HEADER_SEARCH_PATHS = (
					"$(inherited)",
					"/Applications/Xcode6-Beta.app/Contents/Developer/Toolchains/XcodeDefault.xctoolchain/usr/include",
					../Geodesic,
				);
				INFOPLIST_FILE = Domekit/Info.plist;
				IPHONEOS_DEPLOYMENT_TARGET = 6.0;
				LD_RUNPATH_SEARCH_PATHS = "$(inherited) @executable_path/Frameworks";
				PRODUCT_NAME = "$(TARGET_NAME)";
				TARGETED_DEVICE_FAMILY = "1,2";
			};
			name = Release;
		};
		D50571441961D79400DDC70D /* Debug */ = {
			isa = XCBuildConfiguration;
			buildSettings = {
				BUNDLE_LOADER = "$(BUILT_PRODUCTS_DIR)/Domekit.app/Domekit";
				FRAMEWORK_SEARCH_PATHS = (
					"$(SDKROOT)/Developer/Library/Frameworks",
					"$(inherited)",
				);
				GCC_PREPROCESSOR_DEFINITIONS = (
					"DEBUG=1",
					"$(inherited)",
				);
				INFOPLIST_FILE = DomekitTests/Info.plist;
				IPHONEOS_DEPLOYMENT_TARGET = 6.0;
				LD_RUNPATH_SEARCH_PATHS = "$(inherited) @executable_path/Frameworks @loader_path/Frameworks";
				METAL_ENABLE_DEBUG_INFO = YES;
				PRODUCT_NAME = "$(TARGET_NAME)";
				TEST_HOST = "$(BUNDLE_LOADER)";
			};
			name = Debug;
		};
		D50571451961D79400DDC70D /* Release */ = {
			isa = XCBuildConfiguration;
			buildSettings = {
				BUNDLE_LOADER = "$(BUILT_PRODUCTS_DIR)/Domekit.app/Domekit";
				FRAMEWORK_SEARCH_PATHS = (
					"$(SDKROOT)/Developer/Library/Frameworks",
					"$(inherited)",
				);
				INFOPLIST_FILE = DomekitTests/Info.plist;
				IPHONEOS_DEPLOYMENT_TARGET = 6.0;
				LD_RUNPATH_SEARCH_PATHS = "$(inherited) @executable_path/Frameworks @loader_path/Frameworks";
				METAL_ENABLE_DEBUG_INFO = NO;
				PRODUCT_NAME = "$(TARGET_NAME)";
				TEST_HOST = "$(BUNDLE_LOADER)";
			};
			name = Release;
		};
/* End XCBuildConfiguration section */

/* Begin XCConfigurationList section */
		D50571211961D79400DDC70D /* Build configuration list for PBXProject "Domekit" */ = {
			isa = XCConfigurationList;
			buildConfigurations = (
				D505713E1961D79400DDC70D /* Debug */,
				D505713F1961D79400DDC70D /* Release */,
			);
			defaultConfigurationIsVisible = 0;
			defaultConfigurationName = Release;
		};
		D50571401961D79400DDC70D /* Build configuration list for PBXNativeTarget "Domekit" */ = {
			isa = XCConfigurationList;
			buildConfigurations = (
				D50571411961D79400DDC70D /* Debug */,
				D50571421961D79400DDC70D /* Release */,
			);
			defaultConfigurationIsVisible = 0;
			defaultConfigurationName = Release;
		};
		D50571431961D79400DDC70D /* Build configuration list for PBXNativeTarget "DomekitTests" */ = {
			isa = XCConfigurationList;
			buildConfigurations = (
				D50571441961D79400DDC70D /* Debug */,
				D50571451961D79400DDC70D /* Release */,
			);
			defaultConfigurationIsVisible = 0;
			defaultConfigurationName = Release;
		};
/* End XCConfigurationList section */
	};
	rootObject = D505711E1961D79400DDC70D /* Project object */;
}
